{
  "originHash" : "514016deedd0f3d815e2ba1272179fc8949786101af7463550d491cf81a4db68",
  "pins" : [
    {
      "identity" : "lbtatools",
      "kind" : "remoteSourceControl",
      "location" : "https://github.com/bhlvoong/LBTATools.git",
      "state" : {
        "revision" : "dce147bfbdc0417a4b430ec220c088629e9dc81d",
        "version" : "1.0.17"
      }
    }
  ],
  "version" : 3
}
